
Microsoft Visual Studio Solution File, Format Version 12.00
# Visual Studio Version 17
VisualStudioVersion = 17.5.002.0
MinimumVisualStudioVersion = 10.0.40219.1
Project("{9A19103F-16F7-4668-BE54-9A1E7A4F7556}") = "TrumpApi", "TrumpApi.csproj", "{96F9E6A1-3DCD-47E5-84FF-28B2CC9F3F81}"
EndProject
Global
	GlobalSection(SolutionConfigurationPlatforms) = preSolution
		Debug|Any CPU = Debug|Any CPU
		Release|Any CPU = Release|Any CPU
	EndGlobalSection
	GlobalSection(ProjectConfigurationPlatforms) = postSolution
		{96F9E6A1-3DCD-47E5-84FF-28B2CC9F3F81}.Debug|Any CPU.ActiveCfg = Debug|Any CPU
		{96F9E6A1-3DCD-47E5-84FF-28B2CC9F3F81}.Debug|Any CPU.Build.0 = Debug|Any CPU
		{96F9E6A1-3DCD-47E5-84FF-28B2CC9F3F81}.Release|Any CPU.ActiveCfg = Release|Any CPU
		{96F9E6A1-3DCD-47E5-84FF-28B2CC9F3F81}.Release|Any CPU.Build.0 = Release|Any CPU
	EndGlobalSection
	GlobalSection(SolutionProperties) = preSolution
		HideSolutionNode = FALSE
	EndGlobalSection
	GlobalSection(ExtensibilityGlobals) = postSolution
		SolutionGuid = {6D4F3DE6-A068-4FC3-99A8-3C315C5FD60B}
	EndGlobalSection
EndGlobal
